
Microsoft Visual Studio Solution File, Format Version 12.00
# Visual Studio Version 17
VisualStudioVersion = 17.1.32210.238
MinimumVisualStudioVersion = 10.0.40219.1
Project("{8BC9CEB8-8B4A-11D0-8D11-00A0C91BC942}") = "15652", "15652\15652.vcxproj", "{D7081435-86DF-4B95-A223-56FEE8CEF7D0}"
EndProject
Global
	GlobalSection(SolutionConfigurationPlatforms) = preSolution
		Debug|x64 = Debug|x64
		Debug|x86 = Debug|x86
		Release|x64 = Release|x64
		Release|x86 = Release|x86
	EndGlobalSection
	GlobalSection(ProjectConfigurationPlatforms) = postSolution
		{D7081435-86DF-4B95-A223-56FEE8CEF7D0}.Debug|x64.ActiveCfg = Debug|x64
		{D7081435-86DF-4B95-A223-56FEE8CEF7D0}.Debug|x64.Build.0 = Debug|x64
		{D7081435-86DF-4B95-A223-56FEE8CEF7D0}.Debug|x86.ActiveCfg = Debug|Win32
		{D7081435-86DF-4B95-A223-56FEE8CEF7D0}.Debug|x86.Build.0 = Debug|Win32
		{D7081435-86DF-4B95-A223-56FEE8CEF7D0}.Release|x64.ActiveCfg = Release|x64
		{D7081435-86DF-4B95-A223-56FEE8CEF7D0}.Release|x64.Build.0 = Release|x64
		{D7081435-86DF-4B95-A223-56FEE8CEF7D0}.Release|x86.ActiveCfg = Release|Win32
		{D7081435-86DF-4B95-A223-56FEE8CEF7D0}.Release|x86.Build.0 = Release|Win32
	EndGlobalSection
	GlobalSection(SolutionProperties) = preSolution
		HideSolutionNode = FALSE
	EndGlobalSection
	GlobalSection(ExtensibilityGlobals) = postSolution
		SolutionGuid = {D173E37A-2560-47DD-B657-CC010B6E72F8}
	EndGlobalSection
EndGlobal
